
Microsoft Visual Studio Solution File, Format Version 12.00
# Visual Studio Version 17
VisualStudioVersion = 17.2.32616.157
MinimumVisualStudioVersion = 10.0.40219.1
Project("{FAE04EC0-301F-11D3-BF4B-00C04F79EFBC}") = "weatherGlobeApi", "weatherGlobeApi.csproj", "{DB1A0AD6-414C-4C50-9BCE-A528DFA7ACE5}"
EndProject
Global
	GlobalSection(SolutionConfigurationPlatforms) = preSolution
		Debug|Any CPU = Debug|Any CPU
		Release|Any CPU = Release|Any CPU
	EndGlobalSection
	GlobalSection(ProjectConfigurationPlatforms) = postSolution
		{DB1A0AD6-414C-4C50-9BCE-A528DFA7ACE5}.Debug|Any CPU.ActiveCfg = Debug|Any CPU
		{DB1A0AD6-414C-4C50-9BCE-A528DFA7ACE5}.Debug|Any CPU.Build.0 = Debug|Any CPU
		{DB1A0AD6-414C-4C50-9BCE-A528DFA7ACE5}.Release|Any CPU.ActiveCfg = Release|Any CPU
		{DB1A0AD6-414C-4C50-9BCE-A528DFA7ACE5}.Release|Any CPU.Build.0 = Release|Any CPU
	EndGlobalSection
	GlobalSection(SolutionProperties) = preSolution
		HideSolutionNode = FALSE
	EndGlobalSection
	GlobalSection(ExtensibilityGlobals) = postSolution
		SolutionGuid = {D2E24B0D-89B9-4C8D-AD76-F990B09E2C9E}
	EndGlobalSection
EndGlobal
